
Microsoft Visual Studio Solution File, Format Version 12.00
# Visual Studio Version 16
VisualStudioVersion = 16.0.30717.126
MinimumVisualStudioVersion = 10.0.40219.1
Project("{FAE04EC0-301F-11D3-BF4B-00C04F79EFBC}") = "Products.Web", "Products.Web\Products.Web.csproj", "{50ECAAAC-6AEA-4797-8CA4-596164F8DD21}"
EndProject
Project("{FAE04EC0-301F-11D3-BF4B-00C04F79EFBC}") = "Products.Data", "Products.Data\Products.Data.csproj", "{F45A10D5-02CD-4D5A-AD52-6CA5A4043730}"
EndProject
Project("{FAE04EC0-301F-11D3-BF4B-00C04F79EFBC}") = "Products.Services", "Products.Services\Products.Services.csproj", "{C804E2EF-9256-46DC-8098-5FBE2550B060}"
EndProject
Global
	GlobalSection(SolutionConfigurationPlatforms) = preSolution
		Debug|Any CPU = Debug|Any CPU
		Release|Any CPU = Release|Any CPU
	EndGlobalSection
	GlobalSection(ProjectConfigurationPlatforms) = postSolution
		{50ECAAAC-6AEA-4797-8CA4-596164F8DD21}.Debug|Any CPU.ActiveCfg = Debug|Any CPU
		{50ECAAAC-6AEA-4797-8CA4-596164F8DD21}.Debug|Any CPU.Build.0 = Debug|Any CPU
		{50ECAAAC-6AEA-4797-8CA4-596164F8DD21}.Release|Any CPU.ActiveCfg = Release|Any CPU
		{50ECAAAC-6AEA-4797-8CA4-596164F8DD21}.Release|Any CPU.Build.0 = Release|Any CPU
		{F45A10D5-02CD-4D5A-AD52-6CA5A4043730}.Debug|Any CPU.ActiveCfg = Debug|Any CPU
		{F45A10D5-02CD-4D5A-AD52-6CA5A4043730}.Debug|Any CPU.Build.0 = Debug|Any CPU
		{F45A10D5-02CD-4D5A-AD52-6CA5A4043730}.Release|Any CPU.ActiveCfg = Release|Any CPU
		{F45A10D5-02CD-4D5A-AD52-6CA5A4043730}.Release|Any CPU.Build.0 = Release|Any CPU
		{C804E2EF-9256-46DC-8098-5FBE2550B060}.Debug|Any CPU.ActiveCfg = Debug|Any CPU
		{C804E2EF-9256-46DC-8098-5FBE2550B060}.Debug|Any CPU.Build.0 = Debug|Any CPU
		{C804E2EF-9256-46DC-8098-5FBE2550B060}.Release|Any CPU.ActiveCfg = Release|Any CPU
		{C804E2EF-9256-46DC-8098-5FBE2550B060}.Release|Any CPU.Build.0 = Release|Any CPU
	EndGlobalSection
	GlobalSection(SolutionProperties) = preSolution
		HideSolutionNode = FALSE
	EndGlobalSection
	GlobalSection(ExtensibilityGlobals) = postSolution
		SolutionGuid = {5F553474-312F-4A73-9E54-E880AD0D02C8}
	EndGlobalSection
EndGlobal
